// !$*UTF8*$!
{
	archiveVersion = 1;
	classes = {
	};
	objectVersion = 46;
	objects = {

/* Begin PBXBuildFile section */
		06E59B2718784C81B16E6FCB /* libPods.a in Frameworks */ = {isa = PBXBuildFile; fileRef = 3EFC61478CC642B1BE5CF014 /* libPods.a */; };
		740F5DA1175CE45600954D7A /* UIKit.framework in Frameworks */ = {isa = PBXBuildFile; fileRef = 740F5DA0175CE45600954D7A /* UIKit.framework */; };
		740F5DA3175CE45600954D7A /* Foundation.framework in Frameworks */ = {isa = PBXBuildFile; fileRef = 740F5DA2175CE45600954D7A /* Foundation.framework */; };
		740F5DA5175CE45600954D7A /* CoreGraphics.framework in Frameworks */ = {isa = PBXBuildFile; fileRef = 740F5DA4175CE45600954D7A /* CoreGraphics.framework */; };
		740F5DAB175CE45600954D7A /* InfoPlist.strings in Resources */ = {isa = PBXBuildFile; fileRef = 740F5DA9175CE45600954D7A /* InfoPlist.strings */; };
		740F5DAD175CE45600954D7A /* main.m in Sources */ = {isa = PBXBuildFile; fileRef = 740F5DAC175CE45600954D7A /* main.m */; };
		740F5DB1175CE45600954D7A /* AppDelegate.m in Sources */ = {isa = PBXBuildFile; fileRef = 740F5DB0175CE45600954D7A /* AppDelegate.m */; };
		740F5DB3175CE45600954D7A /* Default.png in Resources */ = {isa = PBXBuildFile; fileRef = 740F5DB2175CE45600954D7A /* Default.png */; };
		740F5DB5175CE45600954D7A /* Default@2x.png in Resources */ = {isa = PBXBuildFile; fileRef = 740F5DB4175CE45600954D7A /* Default@2x.png */; };
		740F5DB7175CE45600954D7A /* Default-568h@2x.png in Resources */ = {isa = PBXBuildFile; fileRef = 740F5DB6175CE45600954D7A /* Default-568h@2x.png */; };
		740F5DBA175CE45600954D7A /* MainStoryboard.storyboard in Resources */ = {isa = PBXBuildFile; fileRef = 740F5DB8175CE45600954D7A /* MainStoryboard.storyboard */; };
		740F5DCE175CE49600954D7A /* AudioToolbox.framework in Frameworks */ = {isa = PBXBuildFile; fileRef = 740F5DC5175CE49600954D7A /* AudioToolbox.framework */; };
		740F5DCF175CE49600954D7A /* CFNetwork.framework in Frameworks */ = {isa = PBXBuildFile; fileRef = 740F5DC6175CE49600954D7A /* CFNetwork.framework */; };
		740F5DD0175CE49600954D7A /* CoreLocation.framework in Frameworks */ = {isa = PBXBuildFile; fileRef = 740F5DC7175CE49600954D7A /* CoreLocation.framework */; };
		740F5DD1175CE49600954D7A /* libz.1.1.3.dylib in Frameworks */ = {isa = PBXBuildFile; fileRef = 740F5DC8175CE49600954D7A /* libz.1.1.3.dylib */; };
		740F5DD2175CE49600954D7A /* MobileCoreServices.framework in Frameworks */ = {isa = PBXBuildFile; fileRef = 740F5DC9175CE49600954D7A /* MobileCoreServices.framework */; };
		740F5DD3175CE49600954D7A /* QuartzCore.framework in Frameworks */ = {isa = PBXBuildFile; fileRef = 740F5DCA175CE49600954D7A /* QuartzCore.framework */; };
		740F5DD4175CE49600954D7A /* Security.framework in Frameworks */ = {isa = PBXBuildFile; fileRef = 740F5DCB175CE49600954D7A /* Security.framework */; };
		740F5DD5175CE49600954D7A /* StoreKit.framework in Frameworks */ = {isa = PBXBuildFile; fileRef = 740F5DCC175CE49600954D7A /* StoreKit.framework */; };
		740F5DD6175CE49600954D7A /* SystemConfiguration.framework in Frameworks */ = {isa = PBXBuildFile; fileRef = 740F5DCD175CE49600954D7A /* SystemConfiguration.framework */; };
		740F5DD9175CE4C100954D7A /* TestObject.m in Sources */ = {isa = PBXBuildFile; fileRef = 740F5DD8175CE4C100954D7A /* TestObject.m */; };
		740F5DDD175CE4EA00954D7A /* ParseModel.m in Sources */ = {isa = PBXBuildFile; fileRef = 740F5DDC175CE4EA00954D7A /* ParseModel.m */; };
		74ED584E175EBCCF0045333A /* ParseModelBase.m in Sources */ = {isa = PBXBuildFile; fileRef = 74ED584D175EBCCF0045333A /* ParseModelBase.m */; };
		74ED5851175EC0E60045333A /* ParseModelUser.m in Sources */ = {isa = PBXBuildFile; fileRef = 74ED5850175EC0E60045333A /* ParseModelUser.m */; };
		74ED5854175EC2720045333A /* TestUser.m in Sources */ = {isa = PBXBuildFile; fileRef = 74ED5853175EC2720045333A /* TestUser.m */; };
/* End PBXBuildFile section */

/* Begin PBXFileReference section */
		3EFC61478CC642B1BE5CF014 /* libPods.a */ = {isa = PBXFileReference; explicitFileType = archive.ar; includeInIndex = 0; path = libPods.a; sourceTree = BUILT_PRODUCTS_DIR; };
		740F5D9D175CE45600954D7A /* ParseModel-iOS-Demo.app */ = {isa = PBXFileReference; explicitFileType = wrapper.application; includeInIndex = 0; path = "ParseModel-iOS-Demo.app"; sourceTree = BUILT_PRODUCTS_DIR; };
		740F5DA0175CE45600954D7A /* UIKit.framework */ = {isa = PBXFileReference; lastKnownFileType = wrapper.framework; name = UIKit.framework; path = System/Library/Frameworks/UIKit.framework; sourceTree = SDKROOT; };
		740F5DA2175CE45600954D7A /* Foundation.framework */ = {isa = PBXFileReference; lastKnownFileType = wrapper.framework; name = Foundation.framework; path = System/Library/Frameworks/Foundation.framework; sourceTree = SDKROOT; };
		740F5DA4175CE45600954D7A /* CoreGraphics.framework */ = {isa = PBXFileReference; lastKnownFileType = wrapper.framework; name = CoreGraphics.framework; path = System/Library/Frameworks/CoreGraphics.framework; sourceTree = SDKROOT; };
		740F5DA8175CE45600954D7A /* ParseModel-iOS-Demo-Info.plist */ = {isa = PBXFileReference; lastKnownFileType = text.plist.xml; path = "ParseModel-iOS-Demo-Info.plist"; sourceTree = "<group>"; };
		740F5DAA175CE45600954D7A /* en */ = {isa = PBXFileReference; lastKnownFileType = text.plist.strings; name = en; path = en.lproj/InfoPlist.strings; sourceTree = "<group>"; };
		740F5DAC175CE45600954D7A /* main.m */ = {isa = PBXFileReference; lastKnownFileType = sourcecode.c.objc; path = main.m; sourceTree = "<group>"; };
		740F5DAE175CE45600954D7A /* ParseModel-iOS-Demo-Prefix.pch */ = {isa = PBXFileReference; lastKnownFileType = sourcecode.c.h; path = "ParseModel-iOS-Demo-Prefix.pch"; sourceTree = "<group>"; };
		740F5DAF175CE45600954D7A /* AppDelegate.h */ = {isa = PBXFileReference; lastKnownFileType = sourcecode.c.h; path = AppDelegate.h; sourceTree = "<group>"; };
		740F5DB0175CE45600954D7A /* AppDelegate.m */ = {isa = PBXFileReference; lastKnownFileType = sourcecode.c.objc; path = AppDelegate.m; sourceTree = "<group>"; };
		740F5DB2175CE45600954D7A /* Default.png */ = {isa = PBXFileReference; lastKnownFileType = image.png; path = Default.png; sourceTree = "<group>"; };
		740F5DB4175CE45600954D7A /* Default@2x.png */ = {isa = PBXFileReference; lastKnownFileType = image.png; path = "Default@2x.png"; sourceTree = "<group>"; };
		740F5DB6175CE45600954D7A /* Default-568h@2x.png */ = {isa = PBXFileReference; lastKnownFileType = image.png; path = "Default-568h@2x.png"; sourceTree = "<group>"; };
		740F5DB9175CE45600954D7A /* en */ = {isa = PBXFileReference; lastKnownFileType = file.storyboard; name = en; path = en.lproj/MainStoryboard.storyboard; sourceTree = "<group>"; };
		740F5DC5175CE49600954D7A /* AudioToolbox.framework */ = {isa = PBXFileReference; lastKnownFileType = wrapper.framework; name = AudioToolbox.framework; path = System/Library/Frameworks/AudioToolbox.framework; sourceTree = SDKROOT; };
		740F5DC6175CE49600954D7A /* CFNetwork.framework */ = {isa = PBXFileReference; lastKnownFileType = wrapper.framework; name = CFNetwork.framework; path = System/Library/Frameworks/CFNetwork.framework; sourceTree = SDKROOT; };
		740F5DC7175CE49600954D7A /* CoreLocation.framework */ = {isa = PBXFileReference; lastKnownFileType = wrapper.framework; name = CoreLocation.framework; path = System/Library/Frameworks/CoreLocation.framework; sourceTree = SDKROOT; };
		740F5DC8175CE49600954D7A /* libz.1.1.3.dylib */ = {isa = PBXFileReference; lastKnownFileType = "compiled.mach-o.dylib"; name = libz.1.1.3.dylib; path = usr/lib/libz.1.1.3.dylib; sourceTree = SDKROOT; };
		740F5DC9175CE49600954D7A /* MobileCoreServices.framework */ = {isa = PBXFileReference; lastKnownFileType = wrapper.framework; name = MobileCoreServices.framework; path = System/Library/Frameworks/MobileCoreServices.framework; sourceTree = SDKROOT; };
		740F5DCA175CE49600954D7A /* QuartzCore.framework */ = {isa = PBXFileReference; lastKnownFileType = wrapper.framework; name = QuartzCore.framework; path = System/Library/Frameworks/QuartzCore.framework; sourceTree = SDKROOT; };
		740F5DCB175CE49600954D7A /* Security.framework */ = {isa = PBXFileReference; lastKnownFileType = wrapper.framework; name = Security.framework; path = System/Library/Frameworks/Security.framework; sourceTree = SDKROOT; };
		740F5DCC175CE49600954D7A /* StoreKit.framework */ = {isa = PBXFileReference; lastKnownFileType = wrapper.framework; name = StoreKit.framework; path = System/Library/Frameworks/StoreKit.framework; sourceTree = SDKROOT; };
		740F5DCD175CE49600954D7A /* SystemConfiguration.framework */ = {isa = PBXFileReference; lastKnownFileType = wrapper.framework; name = SystemConfiguration.framework; path = System/Library/Frameworks/SystemConfiguration.framework; sourceTree = SDKROOT; };
		740F5DD7175CE4BD00954D7A /* TestObject.h */ = {isa = PBXFileReference; lastKnownFileType = sourcecode.c.h; path = TestObject.h; sourceTree = "<group>"; };
		740F5DD8175CE4C100954D7A /* TestObject.m */ = {isa = PBXFileReference; fileEncoding = 4; lastKnownFileType = sourcecode.c.objc; path = TestObject.m; sourceTree = "<group>"; };
		740F5DDB175CE4EA00954D7A /* ParseModel.h */ = {isa = PBXFileReference; fileEncoding = 4; lastKnownFileType = sourcecode.c.h; path = ParseModel.h; sourceTree = "<group>"; };
		740F5DDC175CE4EA00954D7A /* ParseModel.m */ = {isa = PBXFileReference; fileEncoding = 4; lastKnownFileType = sourcecode.c.objc; path = ParseModel.m; sourceTree = "<group>"; };
		74ED584C175EBCCF0045333A /* ParseModelBase.h */ = {isa = PBXFileReference; fileEncoding = 4; lastKnownFileType = sourcecode.c.h; path = ParseModelBase.h; sourceTree = "<group>"; };
		74ED584D175EBCCF0045333A /* ParseModelBase.m */ = {isa = PBXFileReference; fileEncoding = 4; lastKnownFileType = sourcecode.c.objc; path = ParseModelBase.m; sourceTree = "<group>"; };
		74ED584F175EC0E60045333A /* ParseModelUser.h */ = {isa = PBXFileReference; fileEncoding = 4; lastKnownFileType = sourcecode.c.h; path = ParseModelUser.h; sourceTree = "<group>"; };
		74ED5850175EC0E60045333A /* ParseModelUser.m */ = {isa = PBXFileReference; fileEncoding = 4; lastKnownFileType = sourcecode.c.objc; path = ParseModelUser.m; sourceTree = "<group>"; };
		74ED5852175EC2720045333A /* TestUser.h */ = {isa = PBXFileReference; fileEncoding = 4; lastKnownFileType = sourcecode.c.h; path = TestUser.h; sourceTree = "<group>"; };
		74ED5853175EC2720045333A /* TestUser.m */ = {isa = PBXFileReference; fileEncoding = 4; lastKnownFileType = sourcecode.c.objc; path = TestUser.m; sourceTree = "<group>"; };
		BE6D5B111E01450898164314 /* Pods.xcconfig */ = {isa = PBXFileReference; includeInIndex = 1; lastKnownFileType = text.xcconfig; name = Pods.xcconfig; path = Pods/Pods.xcconfig; sourceTree = SOURCE_ROOT; };
/* End PBXFileReference section */

/* Begin PBXFrameworksBuildPhase section */
		740F5D9A175CE45600954D7A /* Frameworks */ = {
			isa = PBXFrameworksBuildPhase;
			buildActionMask = 2147483647;
			files = (
				740F5DCE175CE49600954D7A /* AudioToolbox.framework in Frameworks */,
				740F5DCF175CE49600954D7A /* CFNetwork.framework in Frameworks */,
				740F5DD0175CE49600954D7A /* CoreLocation.framework in Frameworks */,
				740F5DD1175CE49600954D7A /* libz.1.1.3.dylib in Frameworks */,
				740F5DD2175CE49600954D7A /* MobileCoreServices.framework in Frameworks */,
				740F5DD3175CE49600954D7A /* QuartzCore.framework in Frameworks */,
				740F5DD4175CE49600954D7A /* Security.framework in Frameworks */,
				740F5DD5175CE49600954D7A /* StoreKit.framework in Frameworks */,
				740F5DD6175CE49600954D7A /* SystemConfiguration.framework in Frameworks */,
				740F5DA1175CE45600954D7A /* UIKit.framework in Frameworks */,
				740F5DA3175CE45600954D7A /* Foundation.framework in Frameworks */,
				740F5DA5175CE45600954D7A /* CoreGraphics.framework in Frameworks */,
				06E59B2718784C81B16E6FCB /* libPods.a in Frameworks */,
			);
			runOnlyForDeploymentPostprocessing = 0;
		};
/* End PBXFrameworksBuildPhase section */

/* Begin PBXGroup section */
		740F5D94175CE45600954D7A = {
			isa = PBXGroup;
			children = (
				740F5DDA175CE4EA00954D7A /* ParseModel */,
				740F5DA6175CE45600954D7A /* ParseModel-iOS-Demo */,
				740F5D9F175CE45600954D7A /* Frameworks */,
				740F5D9E175CE45600954D7A /* Products */,
				BE6D5B111E01450898164314 /* Pods.xcconfig */,
			);
			sourceTree = "<group>";
		};
		740F5D9E175CE45600954D7A /* Products */ = {
			isa = PBXGroup;
			children = (
				740F5D9D175CE45600954D7A /* ParseModel-iOS-Demo.app */,
			);
			name = Products;
			sourceTree = "<group>";
		};
		740F5D9F175CE45600954D7A /* Frameworks */ = {
			isa = PBXGroup;
			children = (
				740F5DC5175CE49600954D7A /* AudioToolbox.framework */,
				740F5DC6175CE49600954D7A /* CFNetwork.framework */,
				740F5DC7175CE49600954D7A /* CoreLocation.framework */,
				740F5DC8175CE49600954D7A /* libz.1.1.3.dylib */,
				740F5DC9175CE49600954D7A /* MobileCoreServices.framework */,
				740F5DCA175CE49600954D7A /* QuartzCore.framework */,
				740F5DCB175CE49600954D7A /* Security.framework */,
				740F5DCC175CE49600954D7A /* StoreKit.framework */,
				740F5DCD175CE49600954D7A /* SystemConfiguration.framework */,
				740F5DA0175CE45600954D7A /* UIKit.framework */,
				740F5DA2175CE45600954D7A /* Foundation.framework */,
				740F5DA4175CE45600954D7A /* CoreGraphics.framework */,
				3EFC61478CC642B1BE5CF014 /* libPods.a */,
			);
			name = Frameworks;
			sourceTree = "<group>";
		};
		740F5DA6175CE45600954D7A /* ParseModel-iOS-Demo */ = {
			isa = PBXGroup;
			children = (
				740F5DAF175CE45600954D7A /* AppDelegate.h */,
				740F5DB0175CE45600954D7A /* AppDelegate.m */,
				740F5DB8175CE45600954D7A /* MainStoryboard.storyboard */,
				740F5DD7175CE4BD00954D7A /* TestObject.h */,
				740F5DD8175CE4C100954D7A /* TestObject.m */,
				74ED5852175EC2720045333A /* TestUser.h */,
				74ED5853175EC2720045333A /* TestUser.m */,
				740F5DA7175CE45600954D7A /* Supporting Files */,
			);
			path = "ParseModel-iOS-Demo";
			sourceTree = "<group>";
		};
		740F5DA7175CE45600954D7A /* Supporting Files */ = {
			isa = PBXGroup;
			children = (
				740F5DA8175CE45600954D7A /* ParseModel-iOS-Demo-Info.plist */,
				740F5DA9175CE45600954D7A /* InfoPlist.strings */,
				740F5DAC175CE45600954D7A /* main.m */,
				740F5DAE175CE45600954D7A /* ParseModel-iOS-Demo-Prefix.pch */,
				740F5DB2175CE45600954D7A /* Default.png */,
				740F5DB4175CE45600954D7A /* Default@2x.png */,
				740F5DB6175CE45600954D7A /* Default-568h@2x.png */,
			);
			name = "Supporting Files";
			sourceTree = "<group>";
		};
		740F5DDA175CE4EA00954D7A /* ParseModel */ = {
			isa = PBXGroup;
			children = (
				740F5DDB175CE4EA00954D7A /* ParseModel.h */,
				740F5DDC175CE4EA00954D7A /* ParseModel.m */,
				74ED584F175EC0E60045333A /* ParseModelUser.h */,
				74ED5850175EC0E60045333A /* ParseModelUser.m */,
				74ED584C175EBCCF0045333A /* ParseModelBase.h */,
				74ED584D175EBCCF0045333A /* ParseModelBase.m */,
			);
			name = ParseModel;
			path = ../ParseModel;
			sourceTree = "<group>";
		};
/* End PBXGroup section */

/* Begin PBXNativeTarget section */
		740F5D9C175CE45600954D7A /* ParseModel-iOS-Demo */ = {
			isa = PBXNativeTarget;
			buildConfigurationList = 740F5DC0175CE45600954D7A /* Build configuration list for PBXNativeTarget "ParseModel-iOS-Demo" */;
			buildPhases = (
				D81D7CA56FC9400C93F1747F /* Check Pods Manifest.lock */,
				740F5D99175CE45600954D7A /* Sources */,
				740F5D9A175CE45600954D7A /* Frameworks */,
				740F5D9B175CE45600954D7A /* Resources */,
				99D8B04905CD40A4816BC2C5 /* Copy Pods Resources */,
			);
			buildRules = (
			);
			dependencies = (
			);
			name = "ParseModel-iOS-Demo";
			productName = "ParseModel-iOS-Demo";
			productReference = 740F5D9D175CE45600954D7A /* ParseModel-iOS-Demo.app */;
			productType = "com.apple.product-type.application";
		};
/* End PBXNativeTarget section */

/* Begin PBXProject section */
		740F5D95175CE45600954D7A /* Project object */ = {
			isa = PBXProject;
			attributes = {
				LastUpgradeCheck = 0460;
				ORGANIZATIONNAME = "Futura IO";
			};
			buildConfigurationList = 740F5D98175CE45600954D7A /* Build configuration list for PBXProject "ParseModel-iOS-Demo" */;
			compatibilityVersion = "Xcode 3.2";
			developmentRegion = English;
			hasScannedForEncodings = 0;
			knownRegions = (
				en,
			);
			mainGroup = 740F5D94175CE45600954D7A;
			productRefGroup = 740F5D9E175CE45600954D7A /* Products */;
			projectDirPath = "";
			projectRoot = "";
			targets = (
				740F5D9C175CE45600954D7A /* ParseModel-iOS-Demo */,
			);
		};
/* End PBXProject section */

/* Begin PBXResourcesBuildPhase section */
		740F5D9B175CE45600954D7A /* Resources */ = {
			isa = PBXResourcesBuildPhase;
			buildActionMask = 2147483647;
			files = (
				740F5DAB175CE45600954D7A /* InfoPlist.strings in Resources */,
				740F5DB3175CE45600954D7A /* Default.png in Resources */,
				740F5DB5175CE45600954D7A /* Default@2x.png in Resources */,
				740F5DB7175CE45600954D7A /* Default-568h@2x.png in Resources */,
				740F5DBA175CE45600954D7A /* MainStoryboard.storyboard in Resources */,
			);
			runOnlyForDeploymentPostprocessing = 0;
		};
/* End PBXResourcesBuildPhase section */

/* Begin PBXShellScriptBuildPhase section */
		99D8B04905CD40A4816BC2C5 /* Copy Pods Resources */ = {
			isa = PBXShellScriptBuildPhase;
			buildActionMask = 2147483647;
			files = (
			);
			inputPaths = (
			);
			name = "Copy Pods Resources";
			outputPaths = (
			);
			runOnlyForDeploymentPostprocessing = 0;
			shellPath = /bin/sh;
			shellScript = "\"${SRCROOT}/Pods/Pods-resources.sh\"\n";
		};
		D81D7CA56FC9400C93F1747F /* Check Pods Manifest.lock */ = {
			isa = PBXShellScriptBuildPhase;
			buildActionMask = 2147483647;
			files = (
			);
			inputPaths = (
			);
			name = "Check Pods Manifest.lock";
			outputPaths = (
			);
			runOnlyForDeploymentPostprocessing = 0;
			shellPath = /bin/sh;
			shellScript = "diff \"${PODS_ROOT}/../Podfile.lock\" \"${PODS_ROOT}/Manifest.lock\" > /dev/null\nif [[ $? != 0 ]] ; then\n    cat << EOM\nerror: The sandbox is not in sync with the Podfile.lock. Run 'pod install' or update your CocoaPods installation.\nEOM\n    exit 1\nfi\n";
		};
/* End PBXShellScriptBuildPhase section */

/* Begin PBXSourcesBuildPhase section */
		740F5D99175CE45600954D7A /* Sources */ = {
			isa = PBXSourcesBuildPhase;
			buildActionMask = 2147483647;
			files = (
				740F5DAD175CE45600954D7A /* main.m in Sources */,
				740F5DB1175CE45600954D7A /* AppDelegate.m in Sources */,
				740F5DD9175CE4C100954D7A /* TestObject.m in Sources */,
				740F5DDD175CE4EA00954D7A /* ParseModel.m in Sources */,
				74ED584E175EBCCF0045333A /* ParseModelBase.m in Sources */,
				74ED5851175EC0E60045333A /* ParseModelUser.m in Sources */,
				74ED5854175EC2720045333A /* TestUser.m in Sources */,
			);
			runOnlyForDeploymentPostprocessing = 0;
		};
/* End PBXSourcesBuildPhase section */

/* Begin PBXVariantGroup section */
		740F5DA9175CE45600954D7A /* InfoPlist.strings */ = {
			isa = PBXVariantGroup;
			children = (
				740F5DAA175CE45600954D7A /* en */,
			);
			name = InfoPlist.strings;
			sourceTree = "<group>";
		};
		740F5DB8175CE45600954D7A /* MainStoryboard.storyboard */ = {
			isa = PBXVariantGroup;
			children = (
				740F5DB9175CE45600954D7A /* en */,
			);
			name = MainStoryboard.storyboard;
			sourceTree = "<group>";
		};
/* End PBXVariantGroup section */

/* Begin XCBuildConfiguration section */
		740F5DBE175CE45600954D7A /* Debug */ = {
			isa = XCBuildConfiguration;
			buildSettings = {
				ALWAYS_SEARCH_USER_PATHS = NO;
				CLANG_CXX_LANGUAGE_STANDARD = "gnu++0x";
				CLANG_CXX_LIBRARY = "libc++";
				CLANG_ENABLE_OBJC_ARC = YES;
				CLANG_WARN_CONSTANT_CONVERSION = YES;
				CLANG_WARN_EMPTY_BODY = YES;
				CLANG_WARN_ENUM_CONVERSION = YES;
				CLANG_WARN_INT_CONVERSION = YES;
				CLANG_WARN__DUPLICATE_METHOD_MATCH = YES;
				"CODE_SIGN_IDENTITY[sdk=iphoneos*]" = "iPhone Developer";
				COPY_PHASE_STRIP = NO;
				GCC_C_LANGUAGE_STANDARD = gnu99;
				GCC_DYNAMIC_NO_PIC = NO;
				GCC_OPTIMIZATION_LEVEL = 0;
				GCC_PREPROCESSOR_DEFINITIONS = (
					"DEBUG=1",
					"$(inherited)",
				);
				GCC_SYMBOLS_PRIVATE_EXTERN = NO;
				GCC_WARN_ABOUT_RETURN_TYPE = YES;
				GCC_WARN_UNINITIALIZED_AUTOS = YES;
				GCC_WARN_UNUSED_VARIABLE = YES;
				IPHONEOS_DEPLOYMENT_TARGET = 6.1;
				ONLY_ACTIVE_ARCH = YES;
				SDKROOT = iphoneos;
			};
			name = Debug;
		};
		740F5DBF175CE45600954D7A /* Release */ = {
			isa = XCBuildConfiguration;
			buildSettings = {
				ALWAYS_SEARCH_USER_PATHS = NO;
				CLANG_CXX_LANGUAGE_STANDARD = "gnu++0x";
				CLANG_CXX_LIBRARY = "libc++";
				CLANG_ENABLE_OBJC_ARC = YES;
				CLANG_WARN_CONSTANT_CONVERSION = YES;
				CLANG_WARN_EMPTY_BODY = YES;
				CLANG_WARN_ENUM_CONVERSION = YES;
				CLANG_WARN_INT_CONVERSION = YES;
				CLANG_WARN__DUPLICATE_METHOD_MATCH = YES;
				"CODE_SIGN_IDENTITY[sdk=iphoneos*]" = "iPhone Developer";
				COPY_PHASE_STRIP = YES;
				GCC_C_LANGUAGE_STANDARD = gnu99;
				GCC_WARN_ABOUT_RETURN_TYPE = YES;
				GCC_WARN_UNINITIALIZED_AUTOS = YES;
				GCC_WARN_UNUSED_VARIABLE = YES;
				IPHONEOS_DEPLOYMENT_TARGET = 6.1;
				OTHER_CFLAGS = "-DNS_BLOCK_ASSERTIONS=1";
				SDKROOT = iphoneos;
				VALIDATE_PRODUCT = YES;
			};
			name = Release;
		};
		740F5DC1175CE45600954D7A /* Debug */ = {
			isa = XCBuildConfiguration;
			baseConfigurationReference = BE6D5B111E01450898164314 /* Pods.xcconfig */;
			buildSettings = {
				FRAMEWORK_SEARCH_PATHS = (
					"$(inherited)",
					"\"$(SRCROOT)\"",
				);
				GCC_PRECOMPILE_PREFIX_HEADER = YES;
				GCC_PREFIX_HEADER = "ParseModel-iOS-Demo/ParseModel-iOS-Demo-Prefix.pch";
				INFOPLIST_FILE = "ParseModel-iOS-Demo/ParseModel-iOS-Demo-Info.plist";
				PRODUCT_NAME = "$(TARGET_NAME)";
				WRAPPER_EXTENSION = app;
			};
			name = Debug;
		};
		740F5DC2175CE45600954D7A /* Release */ = {
			isa = XCBuildConfiguration;
			baseConfigurationReference = BE6D5B111E01450898164314 /* Pods.xcconfig */;
			buildSettings = {
				FRAMEWORK_SEARCH_PATHS = (
					"$(inherited)",
					"\"$(SRCROOT)\"",
				);
				GCC_PRECOMPILE_PREFIX_HEADER = YES;
				GCC_PREFIX_HEADER = "ParseModel-iOS-Demo/ParseModel-iOS-Demo-Prefix.pch";
				INFOPLIST_FILE = "ParseModel-iOS-Demo/ParseModel-iOS-Demo-Info.plist";
				PRODUCT_NAME = "$(TARGET_NAME)";
				WRAPPER_EXTENSION = app;
			};
			name = Release;
		};
/* End XCBuildConfiguration section */

/* Begin XCConfigurationList section */
		740F5D98175CE45600954D7A /* Build configuration list for PBXProject "ParseModel-iOS-Demo" */ = {
			isa = XCConfigurationList;
			buildConfigurations = (
				740F5DBE175CE45600954D7A /* Debug */,
				740F5DBF175CE45600954D7A /* Release */,
			);
			defaultConfigurationIsVisible = 0;
			defaultConfigurationName = Release;
		};
		740F5DC0175CE45600954D7A /* Build configuration list for PBXNativeTarget "ParseModel-iOS-Demo" */ = {
			isa = XCConfigurationList;
			buildConfigurations = (
				740F5DC1175CE45600954D7A /* Debug */,
				740F5DC2175CE45600954D7A /* Release */,
			);
			defaultConfigurationIsVisible = 0;
			defaultConfigurationName = Release;
		};
/* End XCConfigurationList section */
	};
	rootObject = 740F5D95175CE45600954D7A /* Project object */;
}
